
Microsoft Visual Studio Solution File, Format Version 12.00
# Visual Studio 15
Project("{2150E333-8FDC-42A3-9474-1A3956D46DE8}") = "src", "src", "{69BBA039-7A17-410A-BC25-34D81F7C6516}"
EndProject
Project("{FAE04EC0-301F-11D3-BF4B-00C04F79EFBC}") = "SmartSkinCare.API", "src\SmartSkinCare\SmartSkinCare.API.csproj", "{A32ADB90-8C38-4FF6-922D-7135D4EDFABB}"
EndProject
Project("{FAE04EC0-301F-11D3-BF4B-00C04F79EFBC}") = "SmartSkinCare.BusinessLogic", "src\SmartSkinCare.BusinessLogic\SmartSkinCare.BusinessLogic.csproj", "{4506C3EE-DDDB-4B71-8097-4C0141599B1A}"
EndProject
Project("{FAE04EC0-301F-11D3-BF4B-00C04F79EFBC}") = "SmartSkinCare.DataAccessLayer", "src\SmartSkinCare.DataAccessLayer\SmartSkinCare.DataAccessLayer.csproj", "{EAA2374A-E602-4152-AB58-343721AC33F6}"
EndProject
Project("{FAE04EC0-301F-11D3-BF4B-00C04F79EFBC}") = "SmartSkinCare.DI", "src\SmartSkinCare.DI\SmartSkinCare.DI.csproj", "{CC988C6D-080B-4E55-A17B-6936AC523557}"
EndProject
Project("{FAE04EC0-301F-11D3-BF4B-00C04F79EFBC}") = "SmartSkinCare.Entities", "src\SmartSkinCare.Entities\SmartSkinCare.Entities.csproj", "{829A8E37-1D55-4142-8D59-78D221A895BE}"
EndProject
Project("{FAE04EC0-301F-11D3-BF4B-00C04F79EFBC}") = "SmartSkinCare.Infrastructure", "src\SmartSkinCare.Infrastructure\SmartSkinCare.Infrastructure.csproj", "{DBD61570-AFB3-4E72-8C43-0596DFEE3449}"
EndProject
Global
	GlobalSection(SolutionConfigurationPlatforms) = preSolution
		Debug|Any CPU = Debug|Any CPU
		Release|Any CPU = Release|Any CPU
	EndGlobalSection
	GlobalSection(ProjectConfigurationPlatforms) = postSolution
		{A6E3DA57-1CC6-4A18-8220-280D2ABAFF0A}.Debug|Any CPU.ActiveCfg = Debug|Any CPU
		{A6E3DA57-1CC6-4A18-8220-280D2ABAFF0A}.Debug|Any CPU.Build.0 = Debug|Any CPU
		{A6E3DA57-1CC6-4A18-8220-280D2ABAFF0A}.Release|Any CPU.ActiveCfg = Release|Any CPU
		{A6E3DA57-1CC6-4A18-8220-280D2ABAFF0A}.Release|Any CPU.Build.0 = Release|Any CPU
		{B58A0DFF-9589-4104-B0C1-40A43CBC29AD}.Debug|Any CPU.ActiveCfg = Debug|Any CPU
		{B58A0DFF-9589-4104-B0C1-40A43CBC29AD}.Debug|Any CPU.Build.0 = Debug|Any CPU
		{B58A0DFF-9589-4104-B0C1-40A43CBC29AD}.Release|Any CPU.ActiveCfg = Release|Any CPU
		{B58A0DFF-9589-4104-B0C1-40A43CBC29AD}.Release|Any CPU.Build.0 = Release|Any CPU
		{F127BB10-BCFF-4D40-A77F-18EF8611354E}.Debug|Any CPU.ActiveCfg = Debug|Any CPU
		{F127BB10-BCFF-4D40-A77F-18EF8611354E}.Debug|Any CPU.Build.0 = Debug|Any CPU
		{F127BB10-BCFF-4D40-A77F-18EF8611354E}.Release|Any CPU.ActiveCfg = Release|Any CPU
		{F127BB10-BCFF-4D40-A77F-18EF8611354E}.Release|Any CPU.Build.0 = Release|Any CPU
		{A32ADB90-8C38-4FF6-922D-7135D4EDFABB}.Debug|Any CPU.ActiveCfg = Debug|Any CPU
		{A32ADB90-8C38-4FF6-922D-7135D4EDFABB}.Debug|Any CPU.Build.0 = Debug|Any CPU
		{A32ADB90-8C38-4FF6-922D-7135D4EDFABB}.Release|Any CPU.ActiveCfg = Release|Any CPU
		{A32ADB90-8C38-4FF6-922D-7135D4EDFABB}.Release|Any CPU.Build.0 = Release|Any CPU
		{4506C3EE-DDDB-4B71-8097-4C0141599B1A}.Debug|Any CPU.ActiveCfg = Debug|Any CPU
		{4506C3EE-DDDB-4B71-8097-4C0141599B1A}.Debug|Any CPU.Build.0 = Debug|Any CPU
		{4506C3EE-DDDB-4B71-8097-4C0141599B1A}.Release|Any CPU.ActiveCfg = Release|Any CPU
		{4506C3EE-DDDB-4B71-8097-4C0141599B1A}.Release|Any CPU.Build.0 = Release|Any CPU
		{EAA2374A-E602-4152-AB58-343721AC33F6}.Debug|Any CPU.ActiveCfg = Debug|Any CPU
		{EAA2374A-E602-4152-AB58-343721AC33F6}.Debug|Any CPU.Build.0 = Debug|Any CPU
		{EAA2374A-E602-4152-AB58-343721AC33F6}.Release|Any CPU.ActiveCfg = Release|Any CPU
		{EAA2374A-E602-4152-AB58-343721AC33F6}.Release|Any CPU.Build.0 = Release|Any CPU
		{CC988C6D-080B-4E55-A17B-6936AC523557}.Debug|Any CPU.ActiveCfg = Debug|Any CPU
		{CC988C6D-080B-4E55-A17B-6936AC523557}.Debug|Any CPU.Build.0 = Debug|Any CPU
		{CC988C6D-080B-4E55-A17B-6936AC523557}.Release|Any CPU.ActiveCfg = Release|Any CPU
		{CC988C6D-080B-4E55-A17B-6936AC523557}.Release|Any CPU.Build.0 = Release|Any CPU
		{829A8E37-1D55-4142-8D59-78D221A895BE}.Debug|Any CPU.ActiveCfg = Debug|Any CPU
		{829A8E37-1D55-4142-8D59-78D221A895BE}.Debug|Any CPU.Build.0 = Debug|Any CPU
		{829A8E37-1D55-4142-8D59-78D221A895BE}.Release|Any CPU.ActiveCfg = Release|Any CPU
		{829A8E37-1D55-4142-8D59-78D221A895BE}.Release|Any CPU.Build.0 = Release|Any CPU
		{DBD61570-AFB3-4E72-8C43-0596DFEE3449}.Debug|Any CPU.ActiveCfg = Debug|Any CPU
		{DBD61570-AFB3-4E72-8C43-0596DFEE3449}.Debug|Any CPU.Build.0 = Debug|Any CPU
		{DBD61570-AFB3-4E72-8C43-0596DFEE3449}.Release|Any CPU.ActiveCfg = Release|Any CPU
		{DBD61570-AFB3-4E72-8C43-0596DFEE3449}.Release|Any CPU.Build.0 = Release|Any CPU
	EndGlobalSection
	GlobalSection(NestedProjects) = preSolution
		{A6E3DA57-1CC6-4A18-8220-280D2ABAFF0A} = {69BBA039-7A17-410A-BC25-34D81F7C6516}
		{F127BB10-BCFF-4D40-A77F-18EF8611354E} = {69BBA039-7A17-410A-BC25-34D81F7C6516}
		{B58A0DFF-9589-4104-B0C1-40A43CBC29AD} = {69BBA039-7A17-410A-BC25-34D81F7C6516}
		{A32ADB90-8C38-4FF6-922D-7135D4EDFABB} = {69BBA039-7A17-410A-BC25-34D81F7C6516}
		{4506C3EE-DDDB-4B71-8097-4C0141599B1A} = {69BBA039-7A17-410A-BC25-34D81F7C6516}
		{EAA2374A-E602-4152-AB58-343721AC33F6} = {69BBA039-7A17-410A-BC25-34D81F7C6516}
		{829A8E37-1D55-4142-8D59-78D221A895BE} = {69BBA039-7A17-410A-BC25-34D81F7C6516}
		{CC988C6D-080B-4E55-A17B-6936AC523557} = {69BBA039-7A17-410A-BC25-34D81F7C6516}
		{DBD61570-AFB3-4E72-8C43-0596DFEE3449} = {69BBA039-7A17-410A-BC25-34D81F7C6516}
	EndGlobalSection
EndGlobal
