
Microsoft Visual Studio Solution File, Format Version 12.00
# Visual Studio 15
Project("{FAE04EC0-301F-11D3-BF4B-00C04F79EFBC}") = "SmartSkinCare.API", "SmartSkinCare\SmartSkinCare.API.csproj", "{A6E3DA57-1CC6-4A18-8220-280D2ABAFF0A}"
EndProject
Project("{FAE04EC0-301F-11D3-BF4B-00C04F79EFBC}") = "SmartSkinCare.DataAccessLayer", "SmartSkinCare.DataAccessLayer\SmartSkinCare.DataAccessLayer.csproj", "{27C17B66-6C23-4B46-AA1E-70EE6B02A23B}"
EndProject
Project("{FAE04EC0-301F-11D3-BF4B-00C04F79EFBC}") = "SmartSkinCare.Entities", "SmartSkinCare.Entities\SmartSkinCare.Entities.csproj", "{6548A491-245C-44C0-86F3-6A5E70984D15}"
EndProject
Project("{FAE04EC0-301F-11D3-BF4B-00C04F79EFBC}") = "SmartSkinCare.DI", "SmartSkinCare.DI\SmartSkinCare.DI.csproj", "{B58A0DFF-9589-4104-B0C1-40A43CBC29AD}"
EndProject
Project("{FAE04EC0-301F-11D3-BF4B-00C04F79EFBC}") = "SmartSkinCare.Infrastructure", "SmartSkinCare.Infrastructure\SmartSkinCare.Infrastructure.csproj", "{26016B4D-4D3B-451E-A2E3-A3283F74E5AD}"
EndProject
Project("{FAE04EC0-301F-11D3-BF4B-00C04F79EFBC}") = "SmartSkinCare.BusinessLogic", "SmartSkinCare.BusinessLogic\SmartSkinCare.BusinessLogic.csproj", "{F127BB10-BCFF-4D40-A77F-18EF8611354E}"
EndProject
Project("{2150E333-8FDC-42A3-9474-1A3956D46DE8}") = "src", "src", "{69BBA039-7A17-410A-BC25-34D81F7C6516}"
EndProject
Global
	GlobalSection(SolutionConfigurationPlatforms) = preSolution
		Debug|Any CPU = Debug|Any CPU
		Release|Any CPU = Release|Any CPU
	EndGlobalSection
	GlobalSection(ProjectConfigurationPlatforms) = postSolution
		{A6E3DA57-1CC6-4A18-8220-280D2ABAFF0A}.Debug|Any CPU.ActiveCfg = Debug|Any CPU
		{A6E3DA57-1CC6-4A18-8220-280D2ABAFF0A}.Debug|Any CPU.Build.0 = Debug|Any CPU
		{A6E3DA57-1CC6-4A18-8220-280D2ABAFF0A}.Release|Any CPU.ActiveCfg = Release|Any CPU
		{A6E3DA57-1CC6-4A18-8220-280D2ABAFF0A}.Release|Any CPU.Build.0 = Release|Any CPU
		{27C17B66-6C23-4B46-AA1E-70EE6B02A23B}.Debug|Any CPU.ActiveCfg = Debug|Any CPU
		{27C17B66-6C23-4B46-AA1E-70EE6B02A23B}.Debug|Any CPU.Build.0 = Debug|Any CPU
		{27C17B66-6C23-4B46-AA1E-70EE6B02A23B}.Release|Any CPU.ActiveCfg = Release|Any CPU
		{27C17B66-6C23-4B46-AA1E-70EE6B02A23B}.Release|Any CPU.Build.0 = Release|Any CPU
		{6548A491-245C-44C0-86F3-6A5E70984D15}.Debug|Any CPU.ActiveCfg = Debug|Any CPU
		{6548A491-245C-44C0-86F3-6A5E70984D15}.Debug|Any CPU.Build.0 = Debug|Any CPU
		{6548A491-245C-44C0-86F3-6A5E70984D15}.Release|Any CPU.ActiveCfg = Release|Any CPU
		{6548A491-245C-44C0-86F3-6A5E70984D15}.Release|Any CPU.Build.0 = Release|Any CPU
		{B58A0DFF-9589-4104-B0C1-40A43CBC29AD}.Debug|Any CPU.ActiveCfg = Debug|Any CPU
		{B58A0DFF-9589-4104-B0C1-40A43CBC29AD}.Debug|Any CPU.Build.0 = Debug|Any CPU
		{B58A0DFF-9589-4104-B0C1-40A43CBC29AD}.Release|Any CPU.ActiveCfg = Release|Any CPU
		{B58A0DFF-9589-4104-B0C1-40A43CBC29AD}.Release|Any CPU.Build.0 = Release|Any CPU
		{26016B4D-4D3B-451E-A2E3-A3283F74E5AD}.Debug|Any CPU.ActiveCfg = Debug|Any CPU
		{26016B4D-4D3B-451E-A2E3-A3283F74E5AD}.Debug|Any CPU.Build.0 = Debug|Any CPU
		{26016B4D-4D3B-451E-A2E3-A3283F74E5AD}.Release|Any CPU.ActiveCfg = Release|Any CPU
		{26016B4D-4D3B-451E-A2E3-A3283F74E5AD}.Release|Any CPU.Build.0 = Release|Any CPU
		{F127BB10-BCFF-4D40-A77F-18EF8611354E}.Debug|Any CPU.ActiveCfg = Debug|Any CPU
		{F127BB10-BCFF-4D40-A77F-18EF8611354E}.Debug|Any CPU.Build.0 = Debug|Any CPU
		{F127BB10-BCFF-4D40-A77F-18EF8611354E}.Release|Any CPU.ActiveCfg = Release|Any CPU
		{F127BB10-BCFF-4D40-A77F-18EF8611354E}.Release|Any CPU.Build.0 = Release|Any CPU
	EndGlobalSection
	GlobalSection(NestedProjects) = preSolution
		{A6E3DA57-1CC6-4A18-8220-280D2ABAFF0A} = {69BBA039-7A17-410A-BC25-34D81F7C6516}
		{F127BB10-BCFF-4D40-A77F-18EF8611354E} = {69BBA039-7A17-410A-BC25-34D81F7C6516}
		{27C17B66-6C23-4B46-AA1E-70EE6B02A23B} = {69BBA039-7A17-410A-BC25-34D81F7C6516}
		{B58A0DFF-9589-4104-B0C1-40A43CBC29AD} = {69BBA039-7A17-410A-BC25-34D81F7C6516}
		{6548A491-245C-44C0-86F3-6A5E70984D15} = {69BBA039-7A17-410A-BC25-34D81F7C6516}
		{26016B4D-4D3B-451E-A2E3-A3283F74E5AD} = {69BBA039-7A17-410A-BC25-34D81F7C6516}
	EndGlobalSection
EndGlobal
